Microsoft Visual Studio Solution File, Format Version 12.00
# Visual Studio Version 17
VisualStudioVersion = 17.5.2.0
MinimumVisualStudioVersion = 10.0.40219.1
Project("{FAE04EC0-301F-11D3-BF4B-00C04F79EFBC}") = "dotnet-simple", "dotnet-simple.csproj", "{756D0531-532B-71C7-993B-DB4D5DE5A698}"
EndProject
Global
	GlobalSection(SolutionConfigurationPlatforms) = preSolution
		Debug|Any CPU = Debug|Any CPU
		Release|Any CPU = Release|Any CPU
	EndGlobalSection
	GlobalSection(ProjectConfigurationPlatforms) = postSolution
		{756D0531-532B-71C7-993B-DB4D5DE5A698}.Debug|Any CPU.ActiveCfg = Debug|Any CPU
		{756D0531-532B-71C7-993B-DB4D5DE5A698}.Debug|Any CPU.Build.0 = Debug|Any CPU
		{756D0531-532B-71C7-993B-DB4D5DE5A698}.Release|Any CPU.ActiveCfg = Release|Any CPU
		{756D0531-532B-71C7-993B-DB4D5DE5A698}.Release|Any CPU.Build.0 = Release|Any CPU
	EndGlobalSection
	GlobalSection(SolutionProperties) = preSolution
		HideSolutionNode = FALSE
	EndGlobalSection
	GlobalSection(ExtensibilityGlobals) = postSolution
		SolutionGuid = {EBD639C0-9CFA-409B-934B-2E710BC4E174}
	EndGlobalSection
EndGlobal
